
Microsoft Visual Studio Solution File, Format Version 12.00
# Visual Studio Version 17
VisualStudioVersion = 17.3.32929.385
MinimumVisualStudioVersion = 10.0.40219.1
Project("{FAE04EC0-301F-11D3-BF4B-00C04F79EFBC}") = "LoggingSamples", "LoggingSamples.csproj", "{0E09B85F-4252-4D5E-A280-84AF84A78DFA}"
EndProject
Global
	GlobalSection(SolutionConfigurationPlatforms) = preSolution
		Debug|Any CPU = Debug|Any CPU
		Release|Any CPU = Release|Any CPU
	EndGlobalSection
	GlobalSection(ProjectConfigurationPlatforms) = postSolution
		{0E09B85F-4252-4D5E-A280-84AF84A78DFA}.Debug|Any CPU.ActiveCfg = Debug|Any CPU
		{0E09B85F-4252-4D5E-A280-84AF84A78DFA}.Debug|Any CPU.Build.0 = Debug|Any CPU
		{0E09B85F-4252-4D5E-A280-84AF84A78DFA}.Release|Any CPU.ActiveCfg = Release|Any CPU
		{0E09B85F-4252-4D5E-A280-84AF84A78DFA}.Release|Any CPU.Build.0 = Release|Any CPU
	EndGlobalSection
	GlobalSection(SolutionProperties) = preSolution
		HideSolutionNode = FALSE
	EndGlobalSection
	GlobalSection(ExtensibilityGlobals) = postSolution
		SolutionGuid = {8F9E7B8F-C0CC-40D2-B584-33CAE53AF37D}
	EndGlobalSection
EndGlobal
